
Microsoft Visual Studio Solution File, Format Version 12.00
# Visual Studio Version 17
VisualStudioVersion = 17.3.32929.385
MinimumVisualStudioVersion = 10.0.40219.1
Project("{9A19103F-16F7-4668-BE54-9A1E7A4F7556}") = "Calculator", "Calculator\Calculator.csproj", "{EE3477E3-BFE6-4E10-9E72-0393C7E7714A}"
EndProject
Global
	GlobalSection(SolutionConfigurationPlatforms) = preSolution
		Debug|Any CPU = Debug|Any CPU
		Release|Any CPU = Release|Any CPU
	EndGlobalSection
	GlobalSection(ProjectConfigurationPlatforms) = postSolution
		{EE3477E3-BFE6-4E10-9E72-0393C7E7714A}.Debug|Any CPU.ActiveCfg = Debug|Any CPU
		{EE3477E3-BFE6-4E10-9E72-0393C7E7714A}.Debug|Any CPU.Build.0 = Debug|Any CPU
		{EE3477E3-BFE6-4E10-9E72-0393C7E7714A}.Release|Any CPU.ActiveCfg = Release|Any CPU
		{EE3477E3-BFE6-4E10-9E72-0393C7E7714A}.Release|Any CPU.Build.0 = Release|Any CPU
	EndGlobalSection
	GlobalSection(SolutionProperties) = preSolution
		HideSolutionNode = FALSE
	EndGlobalSection
	GlobalSection(ExtensibilityGlobals) = postSolution
		SolutionGuid = {F086F2C3-3BB3-4FAC-9F00-5D77EC5E6536}
	EndGlobalSection
EndGlobal
